
Microsoft Visual Studio Solution File, Format Version 12.00
# Visual Studio Version 16
VisualStudioVersion = 16.0.30717.126
MinimumVisualStudioVersion = 10.0.40219.1
Project("{FAE04EC0-301F-11D3-BF4B-00C04F79EFBC}") = "Simego.DataSync.Providers.Avangate", "Simego.DataSync.Providers.Avangate\Simego.DataSync.Providers.Avangate.csproj", "{6B1FD49F-2143-4495-BB14-53714AFD6632}"
EndProject
Global
	GlobalSection(SolutionConfigurationPlatforms) = preSolution
		Debug|Any CPU = Debug|Any CPU
		Release|Any CPU = Release|Any CPU
	EndGlobalSection
	GlobalSection(ProjectConfigurationPlatforms) = postSolution
		{6B1FD49F-2143-4495-BB14-53714AFD6632}.Debug|Any CPU.ActiveCfg = Debug|Any CPU
		{6B1FD49F-2143-4495-BB14-53714AFD6632}.Debug|Any CPU.Build.0 = Debug|Any CPU
		{6B1FD49F-2143-4495-BB14-53714AFD6632}.Release|Any CPU.ActiveCfg = Release|Any CPU
		{6B1FD49F-2143-4495-BB14-53714AFD6632}.Release|Any CPU.Build.0 = Release|Any CPU
	EndGlobalSection
	GlobalSection(SolutionProperties) = preSolution
		HideSolutionNode = FALSE
	EndGlobalSection
	GlobalSection(ExtensibilityGlobals) = postSolution
		SolutionGuid = {4E6E8874-3073-4981-A04E-2F3341C51D47}
	EndGlobalSection
EndGlobal
